
Microsoft Visual Studio Solution File, Format Version 12.00
# Visual Studio Version 16
VisualStudioVersion = 16.0.31702.278
MinimumVisualStudioVersion = 10.0.40219.1
Project("{8BC9CEB8-8B4A-11D0-8D11-00A0C91BC942}") = "MasicDX12", "MasicDX12\MasicDX12.vcxproj", "{9B20C173-CC40-4D32-8B23-18CC915A0CA4}"
EndProject
Global
	GlobalSection(SolutionConfigurationPlatforms) = preSolution
		Debug|x64 = Debug|x64
		Debug|x86 = Debug|x86
		Release|x64 = Release|x64
		Release|x86 = Release|x86
	EndGlobalSection
	GlobalSection(ProjectConfigurationPlatforms) = postSolution
		{9B20C173-CC40-4D32-8B23-18CC915A0CA4}.Debug|x64.ActiveCfg = Debug|x64
		{9B20C173-CC40-4D32-8B23-18CC915A0CA4}.Debug|x64.Build.0 = Debug|x64
		{9B20C173-CC40-4D32-8B23-18CC915A0CA4}.Debug|x86.ActiveCfg = Debug|Win32
		{9B20C173-CC40-4D32-8B23-18CC915A0CA4}.Debug|x86.Build.0 = Debug|Win32
		{9B20C173-CC40-4D32-8B23-18CC915A0CA4}.Release|x64.ActiveCfg = Release|x64
		{9B20C173-CC40-4D32-8B23-18CC915A0CA4}.Release|x64.Build.0 = Release|x64
		{9B20C173-CC40-4D32-8B23-18CC915A0CA4}.Release|x86.ActiveCfg = Release|Win32
		{9B20C173-CC40-4D32-8B23-18CC915A0CA4}.Release|x86.Build.0 = Release|Win32
	EndGlobalSection
	GlobalSection(SolutionProperties) = preSolution
		HideSolutionNode = FALSE
	EndGlobalSection
	GlobalSection(ExtensibilityGlobals) = postSolution
		SolutionGuid = {6EF569F8-33D6-44AA-B5CA-A685B241BE62}
	EndGlobalSection
EndGlobal
