<?xml version="1.0" encoding="utf-8"?>
<Project ToolsVersion="4.0" xmlns="http://schemas.microsoft.com/developer/msbuild/2003">
  <ItemGroup>
    <Filter Include="Source Files">
      <UniqueIdentifier>{4FC737F1-C7A5-4376-A066-2A32D752A2FF}</UniqueIdentifier>
      <Extensions>cpp;c;cc;cxx;c++;cppm;ixx;def;odl;idl;hpj;bat;asm;asmx</Extensions>
    </Filter>
    <Filter Include="Header Files">
      <UniqueIdentifier>{93995380-89BD-4b04-88EB-625FBE52EBFB}</UniqueIdentifier>
      <Extensions>h;hh;hpp;hxx;h++;hm;inl;inc;ipp;xsd</Extensions>
    </Filter>
    <Filter Include="Resource Files">
      <UniqueIdentifier>{67DA6AB6-F800-4c08-8B7A-83BB121AAD01}</UniqueIdentifier>
      <Extensions>rc;ico;cur;bmp;dlg;rc2;rct;bin;rgs;gif;jpg;jpeg;jpe;resx;tiff;tif;png;wav;mfcribbon-ms</Extensions>
    </Filter>
    <Filter Include="Header Files\actors">
      <UniqueIdentifier>{53916986-cbb2-4302-b533-ae19a999b941}</UniqueIdentifier>
    </Filter>
    <Filter Include="Header Files\engine">
      <UniqueIdentifier>{8daae8f4-6292-474b-9f56-ca2e95e34da0}</UniqueIdentifier>
    </Filter>
    <Filter Include="Header Files\events">
      <UniqueIdentifier>{647b6b83-b9d8-467b-83c8-063e727468ca}</UniqueIdentifier>
    </Filter>
    <Filter Include="Header Files\graphics">
      <UniqueIdentifier>{edfe35cc-16d3-4e4f-a839-2cdb641c89a8}</UniqueIdentifier>
    </Filter>
    <Filter Include="Header Files\nodes">
      <UniqueIdentifier>{aeec3943-caa5-401f-95aa-795d6410afd8}</UniqueIdentifier>
    </Filter>
    <Filter Include="Header Files\physics">
      <UniqueIdentifier>{09bdf5c0-6132-4dfb-bbd9-80bc3ec12813}</UniqueIdentifier>
    </Filter>
    <Filter Include="Header Files\processes">
      <UniqueIdentifier>{672b0323-4d54-4725-96c5-8bc8d6b7b3bf}</UniqueIdentifier>
    </Filter>
    <Filter Include="Header Files\tools">
      <UniqueIdentifier>{49477bac-9d19-403e-9638-9d842568e687}</UniqueIdentifier>
    </Filter>
    <Filter Include="Source Files\actors">
      <UniqueIdentifier>{c5acbe06-46ca-442e-b2fe-3bfe9a69e0b9}</UniqueIdentifier>
    </Filter>
    <Filter Include="Source Files\engine">
      <UniqueIdentifier>{ffb3565b-77a9-4caf-b7df-c14aee9890f4}</UniqueIdentifier>
    </Filter>
    <Filter Include="Source Files\events">
      <UniqueIdentifier>{397eda4f-5d38-44a1-ae0b-e7eec88bbf69}</UniqueIdentifier>
    </Filter>
    <Filter Include="Source Files\graphics">
      <UniqueIdentifier>{fb5f9672-8635-492d-af0f-f9012ef9bde4}</UniqueIdentifier>
    </Filter>
    <Filter Include="Source Files\tools">
      <UniqueIdentifier>{2a09fce1-9216-4715-ab89-4fa889d3318c}</UniqueIdentifier>
    </Filter>
    <Filter Include="Source Files\processes">
      <UniqueIdentifier>{411dc6e0-8c40-4c39-9c41-3faab22b742e}</UniqueIdentifier>
    </Filter>
    <Filter Include="Source Files\physics">
      <UniqueIdentifier>{6b17b822-39b2-4439-a841-8bb965803a82}</UniqueIdentifier>
    </Filter>
    <Filter Include="Source Files\nodes">
      <UniqueIdentifier>{e6ad2c6b-2306-4ba0-b097-7ade8729e991}</UniqueIdentifier>
    </Filter>
    <Filter Include="Resource Files\actors">
      <UniqueIdentifier>{be50ddfe-6a1a-4f4b-82c3-f6874150e665}</UniqueIdentifier>
    </Filter>
    <Filter Include="Resource Files\fonts">
      <UniqueIdentifier>{9cb3cfbf-49b9-4648-be88-97fa63360b92}</UniqueIdentifier>
    </Filter>
    <Filter Include="Resource Files\models">
      <UniqueIdentifier>{ceece466-6133-4d4b-a309-01566ac2df2a}</UniqueIdentifier>
    </Filter>
    <Filter Include="Resource Files\shaders">
      <UniqueIdentifier>{e9fc717e-e7c8-4cae-8c15-ea7343828b31}</UniqueIdentifier>
    </Filter>
    <Filter Include="Resource Files\sound">
      <UniqueIdentifier>{4c6a61a9-fc94-4a75-9a93-c5a1f23d7006}</UniqueIdentifier>
    </Filter>
    <Filter Include="Resource Files\textures">
      <UniqueIdentifier>{b01c6117-76be-47e2-8adb-234ae21b79b1}</UniqueIdentifier>
    </Filter>
    <Filter Include="Header Files\graphics\imgui">
      <UniqueIdentifier>{ee38db8d-3a6a-4697-9f91-2b34fe3c9c10}</UniqueIdentifier>
    </Filter>
    <Filter Include="Source Files\graphics\imgui">
      <UniqueIdentifier>{725c06fc-7532-4a4b-9fdc-eab5f0fc137c}</UniqueIdentifier>
    </Filter>
  </ItemGroup>
  <ItemGroup>
    <ClCompile Include="main.cpp">
      <Filter>Source Files</Filter>
    </ClCompile>
    <ClCompile Include="engine\engine.cpp">
      <Filter>Source Files\engine</Filter>
    </ClCompile>
    <ClCompile Include="application_options.cpp">
      <Filter>Source Files\engine</Filter>
    </ClCompile>
    <ClCompile Include="render_window_config.cpp">
      <Filter>Source Files\engine</Filter>
    </ClCompile>
    <ClCompile Include="tools\string_utility.cpp">
      <Filter>Source Files\tools</Filter>
    </ClCompile>
    <ClCompile Include="graphics\directx12_wrappers\adapter_reader.cpp">
      <Filter>Source Files\graphics</Filter>
    </ClCompile>
    <ClCompile Include="events\base_event_data.cpp">
      <Filter>Source Files\events</Filter>
    </ClCompile>
    <ClCompile Include="graphics\d3d12_renderer.cpp">
      <Filter>Source Files\graphics</Filter>
    </ClCompile>
    <ClCompile Include="events\event_manager.cpp">
      <Filter>Source Files\events</Filter>
    </ClCompile>
    <ClCompile Include="events\evt_data_os_message.cpp">
      <Filter>Source Files\events</Filter>
    </ClCompile>
    <ClCompile Include="tools\game_timer.cpp">
      <Filter>Source Files\tools</Filter>
    </ClCompile>
    <ClCompile Include="events\i_event_manager.cpp">
      <Filter>Source Files\events</Filter>
    </ClCompile>
    <ClCompile Include="graphics\imgui\imgui.cpp">
      <Filter>Source Files\graphics\imgui</Filter>
    </ClCompile>
    <ClCompile Include="graphics\imgui\imgui_draw.cpp">
      <Filter>Source Files\graphics\imgui</Filter>
    </ClCompile>
    <ClCompile Include="graphics\imgui\imgui_impl_dx12.cpp">
      <Filter>Source Files\graphics\imgui</Filter>
    </ClCompile>
    <ClCompile Include="graphics\imgui\imgui_impl_win32.cpp">
      <Filter>Source Files\graphics\imgui</Filter>
    </ClCompile>
    <ClCompile Include="graphics\imgui\imgui_tables.cpp">
      <Filter>Source Files\graphics\imgui</Filter>
    </ClCompile>
    <ClCompile Include="graphics\imgui\imgui_widgets.cpp">
      <Filter>Source Files\graphics\imgui</Filter>
    </ClCompile>
    <ClCompile Include="physics\aero.cpp">
      <Filter>Source Files\physics</Filter>
    </ClCompile>
    <ClCompile Include="physics\aero_control.cpp">
      <Filter>Source Files\physics</Filter>
    </ClCompile>
    <ClCompile Include="physics\angled_aero.cpp">
      <Filter>Source Files\physics</Filter>
    </ClCompile>
    <ClCompile Include="physics\buoyancy.cpp">
      <Filter>Source Files\physics</Filter>
    </ClCompile>
    <ClCompile Include="physics\collision_data.cpp">
      <Filter>Source Files\physics</Filter>
    </ClCompile>
    <ClCompile Include="physics\collision_primitive.cpp">
      <Filter>Source Files\physics</Filter>
    </ClCompile>
    <ClCompile Include="physics\contact.cpp">
      <Filter>Source Files\physics</Filter>
    </ClCompile>
    <ClCompile Include="physics\contact_resolver.cpp">
      <Filter>Source Files\physics</Filter>
    </ClCompile>
    <ClCompile Include="physics\explosion.cpp">
      <Filter>Source Files\physics</Filter>
    </ClCompile>
    <ClCompile Include="physics\force_registry.cpp">
      <Filter>Source Files\physics</Filter>
    </ClCompile>
    <ClCompile Include="physics\geo_ground_contacts.cpp">
      <Filter>Source Files\physics</Filter>
    </ClCompile>
    <ClCompile Include="physics\gravity.cpp">
      <Filter>Source Files\physics</Filter>
    </ClCompile>
    <ClCompile Include="physics\ground_contacts.cpp">
      <Filter>Source Files\physics</Filter>
    </ClCompile>
    <ClCompile Include="physics\intersection_tests.cpp">
      <Filter>Source Files\physics</Filter>
    </ClCompile>
    <ClCompile Include="physics\joint.cpp">
      <Filter>Source Files\physics</Filter>
    </ClCompile>
    <ClCompile Include="physics\particle.cpp">
      <Filter>Source Files\physics</Filter>
    </ClCompile>
    <ClCompile Include="physics\particle_anchored_bungee.cpp">
      <Filter>Source Files\physics</Filter>
    </ClCompile>
    <ClCompile Include="physics\particle_anchored_spring.cpp">
      <Filter>Source Files\physics</Filter>
    </ClCompile>
    <ClCompile Include="physics\particle_bungee.cpp">
      <Filter>Source Files\physics</Filter>
    </ClCompile>
    <ClCompile Include="physics\particle_buoyancy.cpp">
      <Filter>Source Files\physics</Filter>
    </ClCompile>
    <ClCompile Include="physics\particle_cable.cpp">
      <Filter>Source Files\physics</Filter>
    </ClCompile>
    <ClCompile Include="physics\particle_cable_constraint.cpp">
      <Filter>Source Files\physics</Filter>
    </ClCompile>
    <ClCompile Include="physics\particle_constraint.cpp">
      <Filter>Source Files\physics</Filter>
    </ClCompile>
    <ClCompile Include="physics\particle_contact.cpp">
      <Filter>Source Files\physics</Filter>
    </ClCompile>
    <ClCompile Include="physics\particle_contact_resolver.cpp">
      <Filter>Source Files\physics</Filter>
    </ClCompile>
    <ClCompile Include="physics\particle_drag.cpp">
      <Filter>Source Files\physics</Filter>
    </ClCompile>
    <ClCompile Include="physics\particle_fake_spring.cpp">
      <Filter>Source Files\physics</Filter>
    </ClCompile>
    <ClCompile Include="physics\particle_force_registry.cpp">
      <Filter>Source Files\physics</Filter>
    </ClCompile>
    <ClCompile Include="physics\particle_gravity.cpp">
      <Filter>Source Files\physics</Filter>
    </ClCompile>
    <ClCompile Include="physics\particle_geo_gravity.cpp">
      <Filter>Source Files\physics</Filter>
    </ClCompile>
    <ClCompile Include="physics\particle_link.cpp">
      <Filter>Source Files\physics</Filter>
    </ClCompile>
    <ClCompile Include="physics\particle_rod.cpp">
      <Filter>Source Files\physics</Filter>
    </ClCompile>
    <ClCompile Include="physics\particle_rod_constraint.cpp">
      <Filter>Source Files\physics</Filter>
    </ClCompile>
    <ClCompile Include="physics\particle_sphere_contact.cpp">
      <Filter>Source Files\physics</Filter>
    </ClCompile>
    <ClCompile Include="physics\particle_sphere_contact_evet_gen.cpp">
      <Filter>Source Files\physics</Filter>
    </ClCompile>
    <ClCompile Include="physics\particle_spring.cpp">
      <Filter>Source Files\physics</Filter>
    </ClCompile>
    <ClCompile Include="physics\particle_world.cpp">
      <Filter>Source Files\physics</Filter>
    </ClCompile>
    <ClCompile Include="physics\rigid_body.cpp">
      <Filter>Source Files\physics</Filter>
    </ClCompile>
    <ClCompile Include="physics\spring.cpp">
      <Filter>Source Files\physics</Filter>
    </ClCompile>
    <ClCompile Include="tools\math_utitity.cpp">
      <Filter>Source Files\tools</Filter>
    </ClCompile>
    <ClCompile Include="processes\count_process.cpp">
      <Filter>Source Files\processes</Filter>
    </ClCompile>
    <ClCompile Include="processes\delay_process.cpp">
      <Filter>Source Files\processes</Filter>
    </ClCompile>
    <ClCompile Include="processes\exec_process.cpp">
      <Filter>Source Files\processes</Filter>
    </ClCompile>
    <ClCompile Include="tools\mt_random.cpp">
      <Filter>Source Files\tools</Filter>
    </ClCompile>
    <ClCompile Include="processes\process.cpp">
      <Filter>Source Files\processes</Filter>
    </ClCompile>
    <ClCompile Include="processes\process_manager.cpp">
      <Filter>Source Files\processes</Filter>
    </ClCompile>
    <ClCompile Include="engine\level_manager.cpp">
      <Filter>Source Files\engine</Filter>
    </ClCompile>
    <ClCompile Include="nodes\camera_node.cpp">
      <Filter>Source Files\nodes</Filter>
    </ClCompile>
    <ClCompile Include="nodes\plane.cpp">
      <Filter>Source Files\nodes</Filter>
    </ClCompile>
    <ClCompile Include="nodes\scene_node.cpp">
      <Filter>Source Files\nodes</Filter>
    </ClCompile>
    <ClCompile Include="nodes\scene_node_properties.cpp">
      <Filter>Source Files\nodes</Filter>
    </ClCompile>
    <ClCompile Include="tools\dx12_utility.cpp">
      <Filter>Source Files\tools</Filter>
    </ClCompile>
    <ClCompile Include="nodes\matrix_stack.cpp">
      <Filter>Source Files\nodes</Filter>
    </ClCompile>
    <ClCompile Include="nodes\scene.cpp">
      <Filter>Source Files\nodes</Filter>
    </ClCompile>
    <ClCompile Include="actors\base_render_component.cpp">
      <Filter>Source Files\actors</Filter>
    </ClCompile>
    <ClCompile Include="events\evt_data_destroy_actor.cpp">
      <Filter>Source Files\events</Filter>
    </ClCompile>
    <ClCompile Include="events\evt_data_modified_render_component.cpp">
      <Filter>Source Files\events</Filter>
    </ClCompile>
    <ClCompile Include="events\evt_data_move_actor.cpp">
      <Filter>Source Files\events</Filter>
    </ClCompile>
    <ClCompile Include="events\evt_data_new_render_component.cpp">
      <Filter>Source Files\events</Filter>
    </ClCompile>
    <ClCompile Include="nodes\light_node.cpp">
      <Filter>Source Files\nodes</Filter>
    </ClCompile>
    <ClCompile Include="engine\screen_element_scene.cpp">
      <Filter>Source Files\engine</Filter>
    </ClCompile>
    <ClCompile Include="actors\orientation_relation_component.cpp">
      <Filter>Source Files\actors</Filter>
    </ClCompile>
    <ClCompile Include="actors\particle_component.cpp">
      <Filter>Source Files\actors</Filter>
    </ClCompile>
    <ClCompile Include="actors\transform_component.cpp">
      <Filter>Source Files\actors</Filter>
    </ClCompile>
    <ClCompile Include="actors\actor_component.cpp">
      <Filter>Source Files\actors</Filter>
    </ClCompile>
    <ClCompile Include="actors\actor.cpp">
      <Filter>Source Files\actors</Filter>
    </ClCompile>
    <ClCompile Include="graphics\directx12_wrappers\buffer.cpp">
      <Filter>Source Files\graphics</Filter>
    </ClCompile>
    <ClCompile Include="graphics\directx12_wrappers\byte_address_buffer.cpp">
      <Filter>Source Files\graphics</Filter>
    </ClCompile>
    <ClCompile Include="graphics\directx12_wrappers\command_list.cpp">
      <Filter>Source Files\graphics</Filter>
    </ClCompile>
    <ClCompile Include="graphics\directx12_wrappers\command_queue.cpp">
      <Filter>Source Files\graphics</Filter>
    </ClCompile>
    <ClCompile Include="graphics\directx12_wrappers\constant_buffer.cpp">
      <Filter>Source Files\graphics</Filter>
    </ClCompile>
    <ClCompile Include="graphics\directx12_wrappers\constant_buffer_view.cpp">
      <Filter>Source Files\graphics</Filter>
    </ClCompile>
    <ClCompile Include="graphics\directx12_wrappers\descriptor_allocation.cpp">
      <Filter>Source Files\graphics</Filter>
    </ClCompile>
    <ClCompile Include="graphics\directx12_wrappers\descriptor_allocator.cpp">
      <Filter>Source Files\graphics</Filter>
    </ClCompile>
    <ClCompile Include="graphics\directx12_wrappers\descriptor_allocator_page.cpp">
      <Filter>Source Files\graphics</Filter>
    </ClCompile>
    <ClCompile Include="graphics\directx12_wrappers\device.cpp">
      <Filter>Source Files\graphics</Filter>
    </ClCompile>
    <ClCompile Include="graphics\directx12_wrappers\dynamic_descriptor_heap.cpp">
      <Filter>Source Files\graphics</Filter>
    </ClCompile>
    <ClCompile Include="graphics\effect_pso.cpp">
      <Filter>Source Files\graphics</Filter>
    </ClCompile>
    <ClCompile Include="actors\enemy_component.cpp">
      <Filter>Source Files\actors</Filter>
    </ClCompile>
    <ClCompile Include="events\evt_data_new_particle_component.cpp">
      <Filter>Source Files\events</Filter>
    </ClCompile>
    <ClCompile Include="graphics\generate_mips_pso.cpp">
      <Filter>Source Files\graphics</Filter>
    </ClCompile>
    <ClCompile Include="graphics\gui.cpp">
      <Filter>Source Files\graphics</Filter>
    </ClCompile>
    <ClCompile Include="graphics\directx12_wrappers\index_buffer.cpp">
      <Filter>Source Files\graphics</Filter>
    </ClCompile>
    <ClCompile Include="graphics\material.cpp">
      <Filter>Source Files\graphics</Filter>
    </ClCompile>
    <ClCompile Include="graphics\mesh.cpp">
      <Filter>Source Files\graphics</Filter>
    </ClCompile>
    <ClCompile Include="graphics\pano_to_cubemap_pso.cpp">
      <Filter>Source Files\graphics</Filter>
    </ClCompile>
    <ClCompile Include="graphics\directx12_wrappers\pipeline_state_object.cpp">
      <Filter>Source Files\graphics</Filter>
    </ClCompile>
    <ClCompile Include="graphics\directx12_wrappers\render_target.cpp">
      <Filter>Source Files\graphics</Filter>
    </ClCompile>
    <ClCompile Include="graphics\directx12_wrappers\resource.cpp">
      <Filter>Source Files\graphics</Filter>
    </ClCompile>
    <ClCompile Include="graphics\directx12_wrappers\resource_state_tracker.cpp">
      <Filter>Source Files\graphics</Filter>
    </ClCompile>
    <ClCompile Include="graphics\directx12_wrappers\root_signature.cpp">
      <Filter>Source Files\graphics</Filter>
    </ClCompile>
    <ClCompile Include="graphics\directx12_wrappers\shader_resource_view.cpp">
      <Filter>Source Files\graphics</Filter>
    </ClCompile>
    <ClCompile Include="graphics\directx12_wrappers\structured_buffer.cpp">
      <Filter>Source Files\graphics</Filter>
    </ClCompile>
    <ClCompile Include="graphics\directx12_wrappers\swap_chain.cpp">
      <Filter>Source Files\graphics</Filter>
    </ClCompile>
    <ClCompile Include="graphics\directx12_wrappers\texture.cpp">
      <Filter>Source Files\graphics</Filter>
    </ClCompile>
    <ClCompile Include="graphics\directx12_wrappers\unordered_access_view.cpp">
      <Filter>Source Files\graphics</Filter>
    </ClCompile>
    <ClCompile Include="graphics\directx12_wrappers\upload_buffer.cpp">
      <Filter>Source Files\graphics</Filter>
    </ClCompile>
    <ClCompile Include="graphics\directx12_wrappers\vertex_buffer.cpp">
      <Filter>Source Files\graphics</Filter>
    </ClCompile>
    <ClCompile Include="graphics\vertex_types.cpp">
      <Filter>Source Files\graphics</Filter>
    </ClCompile>
    <ClCompile Include="window_surface.cpp">
      <Filter>Source Files\graphics</Filter>
    </ClCompile>
    <ClCompile Include="application.cpp">
      <Filter>Source Files</Filter>
    </ClCompile>
    <ClCompile Include="events\evt_data_update_tick.cpp">
      <Filter>Source Files</Filter>
    </ClCompile>
    <ClCompile Include="events\evt_data_dpi_scale.cpp">
      <Filter>Source Files</Filter>
    </ClCompile>
    <ClCompile Include="events\evt_data_window_close.cpp">
      <Filter>Source Files</Filter>
    </ClCompile>
    <ClCompile Include="events\evt_data_key_pressed_event.cpp">
      <Filter>Source Files</Filter>
    </ClCompile>
    <ClCompile Include="events\evt_data_mouse_motion.cpp">
      <Filter>Source Files</Filter>
    </ClCompile>
    <ClCompile Include="events\evt_data_mouse_button_pressed.cpp">
      <Filter>Source Files</Filter>
    </ClCompile>
    <ClCompile Include="events\evt_data_mouse_wheel.cpp">
      <Filter>Source Files</Filter>
    </ClCompile>
    <ClCompile Include="events\evt_data_resize_window.cpp">
      <Filter>Source Files</Filter>
    </ClCompile>
    <ClCompile Include="events\evt_data_minimize_window.cpp">
      <Filter>Source Files</Filter>
    </ClCompile>
    <ClCompile Include="events\resize_event_args.cpp">
      <Filter>Source Files</Filter>
    </ClCompile>
    <ClCompile Include="events\evt_data_maximize_window.cpp">
      <Filter>Source Files</Filter>
    </ClCompile>
    <ClCompile Include="events\evt_data_restore_window.cpp">
      <Filter>Source Files</Filter>
    </ClCompile>
    <ClCompile Include="events\key_event_args.cpp">
      <Filter>Source Files</Filter>
    </ClCompile>
    <ClCompile Include="events\evt_data_key_released_event.cpp">
      <Filter>Source Files</Filter>
    </ClCompile>
    <ClCompile Include="events\mouse_motion_event_args.cpp">
      <Filter>Source Files</Filter>
    </ClCompile>
    <ClCompile Include="events\mouse_button_event_args.cpp">
      <Filter>Source Files</Filter>
    </ClCompile>
    <ClCompile Include="events\evt_data_mouse_button_released.cpp">
      <Filter>Source Files</Filter>
    </ClCompile>
    <ClCompile Include="events\mouse_wheel_event_args.cpp">
      <Filter>Source Files</Filter>
    </ClCompile>
    <ClCompile Include="nodes\mesh_node.cpp">
      <Filter>Source Files</Filter>
    </ClCompile>
    <ClCompile Include="nodes\qualifier_node.cpp">
      <Filter>Source Files</Filter>
    </ClCompile>
    <ClCompile Include="graphics\directx12_wrappers\shader.cpp">
      <Filter>Source Files</Filter>
    </ClCompile>
    <ClCompile Include="graphics\directx12_wrappers\input_assembler_layout.cpp">
      <Filter>Source Files</Filter>
    </ClCompile>
    <ClCompile Include="graphics\directx12_wrappers\shader_register.cpp">
      <Filter>Source Files</Filter>
    </ClCompile>
    <ClCompile Include="graphics\directx12_wrappers\root_parameter.cpp">
      <Filter>Source Files</Filter>
    </ClCompile>
    <ClCompile Include="graphics\directx12_wrappers\descripror_table_range.cpp">
      <Filter>Source Files</Filter>
    </ClCompile>
    <ClCompile Include="graphics\directx12_wrappers\sampler.cpp">
      <Filter>Source Files</Filter>
    </ClCompile>
    <ClCompile Include="graphics\directx12_wrappers\primitive_topology.cpp">
      <Filter>Source Files</Filter>
    </ClCompile>
    <ClCompile Include="graphics\directx12_wrappers\blend_state.cpp">
      <Filter>Source Files</Filter>
    </ClCompile>
    <ClCompile Include="graphics\directx12_wrappers\rasterizer_state.cpp">
      <Filter>Source Files</Filter>
    </ClCompile>
    <ClCompile Include="graphics\directx12_wrappers\depth_stencil_state.cpp">
      <Filter>Source Files</Filter>
    </ClCompile>
    <ClCompile Include="nodes\light_manager.cpp">
      <Filter>Source Files</Filter>
    </ClCompile>
    <ClCompile Include="nodes\scene_visitor.cpp">
      <Filter>Source Files</Filter>
    </ClCompile>
    <ClCompile Include="actors\mesh_component.cpp">
      <Filter>Source Files</Filter>
    </ClCompile>
    <ClCompile Include="engine\base_engine_logic.cpp">
      <Filter>Source Files</Filter>
    </ClCompile>
    <ClCompile Include="events\evt_data_request_destroy_actor.cpp">
      <Filter>Source Files</Filter>
    </ClCompile>
    <ClCompile Include="events\evt_data_request_new_actor.cpp">
      <Filter>Source Files</Filter>
    </ClCompile>
    <ClCompile Include="events\evt_data_request_start_game.cpp">
      <Filter>Source Files</Filter>
    </ClCompile>
    <ClCompile Include="events\evt_data_environment_loaded.cpp">
      <Filter>Source Files</Filter>
    </ClCompile>
    <ClCompile Include="events\evt_data_sphere_particle_contact.cpp">
      <Filter>Source Files</Filter>
    </ClCompile>
    <ClCompile Include="actors\actor_factory.cpp">
      <Filter>Source Files</Filter>
    </ClCompile>
    <ClCompile Include="events\evt_data_new_actor.cpp">
      <Filter>Source Files</Filter>
    </ClCompile>
    <ClCompile Include="engine\human_view.cpp">
      <Filter>Source Files</Filter>
    </ClCompile>
    <ClCompile Include="actors\camera_component.cpp">
      <Filter>Source Files</Filter>
    </ClCompile>
    <ClCompile Include="engine\base_ui.cpp">
      <Filter>Source Files</Filter>
    </ClCompile>
    <ClCompile Include="engine\actor_menu_ui.cpp">
      <Filter>Source Files</Filter>
    </ClCompile>
    <ClCompile Include="engine\movement_controller.cpp">
      <Filter>Source Files</Filter>
    </ClCompile>
    <ClCompile Include="window_keycodes.cpp">
      <Filter>Source Files</Filter>
    </ClCompile>
    <ClCompile Include="events\evt_data_paint.cpp">
      <Filter>Source Files</Filter>
    </ClCompile>
    <ClCompile Include="actors\light_component.cpp">
      <Filter>Source Files</Filter>
    </ClCompile>
    <ClCompile Include="actors\base_scene_node_component.cpp">
      <Filter>Source Files</Filter>
    </ClCompile>
    <ClCompile Include="events\evt_data_new_scene_component.cpp">
      <Filter>Source Files</Filter>
    </ClCompile>
    <ClCompile Include="events\evt_data_destroy_scene_component.cpp">
      <Filter>Source Files</Filter>
    </ClCompile>
    <ClCompile Include="graphics\i_renderer.cpp">
      <Filter>Source Files</Filter>
    </ClCompile>
    <ClCompile Include="nodes\mesh_node_loader.cpp">
      <Filter>Source Files</Filter>
    </ClCompile>
    <ClCompile Include="nodes\mesh_manager.cpp">
      <Filter>Source Files</Filter>
    </ClCompile>
    <ClCompile Include="graphics\effect_instanced_pso.cpp">
      <Filter>Source Files</Filter>
    </ClCompile>
    <ClCompile Include="events\evt_data_modified_scene_component.cpp">
      <Filter>Source Files</Filter>
    </ClCompile>
    <ClCompile Include="graphics\effect_shadow_pso.cpp">
      <Filter>Source Files</Filter>
    </ClCompile>
    <ClCompile Include="graphics\effect_shadow_instanced_pso.cpp">
      <Filter>Source Files</Filter>
    </ClCompile>
    <ClCompile Include="actors\shadow_camera_component.cpp">
      <Filter>Source Files</Filter>
    </ClCompile>
    <ClCompile Include="nodes\shadow_camera_node.cpp">
      <Filter>Source Files</Filter>
    </ClCompile>
    <ClCompile Include="nodes\basic_camera_node.cpp">
      <Filter>Source Files</Filter>
    </ClCompile>
    <ClCompile Include="nodes\shadow_scene_visitor.cpp">
      <Filter>Source Files</Filter>
    </ClCompile>
    <ClCompile Include="nodes\shadow_manager.cpp">
      <Filter>Source Files</Filter>
    </ClCompile>
  </ItemGroup>
  <ItemGroup>
    <ClInclude Include="engine\engine.h">
      <Filter>Header Files\engine</Filter>
    </ClInclude>
    <ClInclude Include="render_window_config.h">
      <Filter>Header Files\engine</Filter>
    </ClInclude>
    <ClInclude Include="engine\renderer_enum.h">
      <Filter>Header Files\engine</Filter>
    </ClInclude>
    <ClInclude Include="tools\string_utility.h">
      <Filter>Header Files\tools</Filter>
    </ClInclude>
    <ClInclude Include="graphics\directx12_wrappers\adapter_reader.h">
      <Filter>Header Files\graphics</Filter>
    </ClInclude>
    <ClInclude Include="events\base_event_data.h">
      <Filter>Header Files\events</Filter>
    </ClInclude>
    <ClInclude Include="tools\com_exception.h">
      <Filter>Header Files\tools</Filter>
    </ClInclude>
    <ClInclude Include="graphics\d3d12_renderer.h">
      <Filter>Header Files\graphics</Filter>
    </ClInclude>
    <ClInclude Include="tools\delegate.h">
      <Filter>Header Files\tools</Filter>
    </ClInclude>
    <ClInclude Include="events\event_manager.h">
      <Filter>Header Files\events</Filter>
    </ClInclude>
    <ClInclude Include="events\evt_data_os_message.h">
      <Filter>Header Files\events</Filter>
    </ClInclude>
    <ClInclude Include="tools\game_timer.h">
      <Filter>Header Files\tools</Filter>
    </ClInclude>
    <ClInclude Include="tools\generic_object_factory.h">
      <Filter>Header Files\tools</Filter>
    </ClInclude>
    <ClInclude Include="events\i_event_data.h">
      <Filter>Header Files\events</Filter>
    </ClInclude>
    <ClInclude Include="events\i_event_manager.h">
      <Filter>Header Files\events</Filter>
    </ClInclude>
    <ClInclude Include="graphics\i_renderer.h">
      <Filter>Header Files\graphics</Filter>
    </ClInclude>
    <ClInclude Include="engine\os_message_data.h">
      <Filter>Header Files\events</Filter>
    </ClInclude>
    <ClInclude Include="graphics\imgui\imconfig.h">
      <Filter>Header Files\graphics\imgui</Filter>
    </ClInclude>
    <ClInclude Include="graphics\imgui\imgui.h">
      <Filter>Header Files\graphics\imgui</Filter>
    </ClInclude>
    <ClInclude Include="graphics\imgui\imgui_impl_dx12.h">
      <Filter>Header Files\graphics\imgui</Filter>
    </ClInclude>
    <ClInclude Include="graphics\imgui\imgui_impl_win32.h">
      <Filter>Header Files\graphics\imgui</Filter>
    </ClInclude>
    <ClInclude Include="graphics\imgui\imgui_internal.h">
      <Filter>Header Files\graphics\imgui</Filter>
    </ClInclude>
    <ClInclude Include="graphics\imgui\imstb_rectpack.h">
      <Filter>Header Files\graphics\imgui</Filter>
    </ClInclude>
    <ClInclude Include="graphics\imgui\imstb_textedit.h">
      <Filter>Header Files\graphics\imgui</Filter>
    </ClInclude>
    <ClInclude Include="graphics\imgui\imstb_truetype.h">
      <Filter>Header Files\graphics\imgui</Filter>
    </ClInclude>
    <ClInclude Include="engine\i_engine_logic.h">
      <Filter>Header Files\engine</Filter>
    </ClInclude>
    <ClInclude Include="actors\actor.h">
      <Filter>Header Files\actors</Filter>
    </ClInclude>
    <ClInclude Include="actors\actor_component.h">
      <Filter>Header Files\actors</Filter>
    </ClInclude>
    <ClInclude Include="engine\i_engine_physics.h">
      <Filter>Header Files\engine</Filter>
    </ClInclude>
    <ClInclude Include="physics\aero.h">
      <Filter>Header Files\physics</Filter>
    </ClInclude>
    <ClInclude Include="physics\aero_control.h">
      <Filter>Header Files\physics</Filter>
    </ClInclude>
    <ClInclude Include="physics\buoyancy.h">
      <Filter>Header Files\physics</Filter>
    </ClInclude>
    <ClInclude Include="physics\collision_box.h">
      <Filter>Header Files\physics</Filter>
    </ClInclude>
    <ClInclude Include="physics\collision_data.h">
      <Filter>Header Files\physics</Filter>
    </ClInclude>
    <ClInclude Include="physics\collision_plane.h">
      <Filter>Header Files\physics</Filter>
    </ClInclude>
    <ClInclude Include="physics\collision_primitive.h">
      <Filter>Header Files\physics</Filter>
    </ClInclude>
    <ClInclude Include="physics\collision_sphere.h">
      <Filter>Header Files\physics</Filter>
    </ClInclude>
    <ClInclude Include="physics\contact.h">
      <Filter>Header Files\physics</Filter>
    </ClInclude>
    <ClInclude Include="physics\contact_generator.h">
      <Filter>Header Files\physics</Filter>
    </ClInclude>
    <ClInclude Include="physics\contact_resolver.h">
      <Filter>Header Files\physics</Filter>
    </ClInclude>
    <ClInclude Include="physics\explosion.h">
      <Filter>Header Files\physics</Filter>
    </ClInclude>
    <ClInclude Include="physics\force_generator.h">
      <Filter>Header Files\physics</Filter>
    </ClInclude>
    <ClInclude Include="physics\force_registry.h">
      <Filter>Header Files\physics</Filter>
    </ClInclude>
    <ClInclude Include="physics\geo_ground_contacts.h">
      <Filter>Header Files\physics</Filter>
    </ClInclude>
    <ClInclude Include="physics\gravity.h">
      <Filter>Header Files\physics</Filter>
    </ClInclude>
    <ClInclude Include="physics\ground_contacts.h">
      <Filter>Header Files\physics</Filter>
    </ClInclude>
    <ClInclude Include="physics\intersection_tests.h">
      <Filter>Header Files\physics</Filter>
    </ClInclude>
    <ClInclude Include="physics\joint.h">
      <Filter>Header Files\physics</Filter>
    </ClInclude>
    <ClInclude Include="physics\particle.h">
      <Filter>Header Files\physics</Filter>
    </ClInclude>
    <ClInclude Include="physics\particle_anchored_bungee.h">
      <Filter>Header Files\physics</Filter>
    </ClInclude>
    <ClInclude Include="physics\particle_anchored_spring.h">
      <Filter>Header Files\physics</Filter>
    </ClInclude>
    <ClInclude Include="physics\particle_bungee.h">
      <Filter>Header Files\physics</Filter>
    </ClInclude>
    <ClInclude Include="physics\particle_buoyancy.h">
      <Filter>Header Files\physics</Filter>
    </ClInclude>
    <ClInclude Include="physics\particle_cable.h">
      <Filter>Header Files\physics</Filter>
    </ClInclude>
    <ClInclude Include="physics\particle_cable_constraint.h">
      <Filter>Header Files\physics</Filter>
    </ClInclude>
    <ClInclude Include="physics\particle_constraint.h">
      <Filter>Header Files\physics</Filter>
    </ClInclude>
    <ClInclude Include="physics\particle_contact.h">
      <Filter>Header Files\physics</Filter>
    </ClInclude>
    <ClInclude Include="physics\particle_contact_generator.h">
      <Filter>Header Files\physics</Filter>
    </ClInclude>
    <ClInclude Include="physics\particle_contact_resolver.h">
      <Filter>Header Files\physics</Filter>
    </ClInclude>
    <ClInclude Include="physics\particle_drag.h">
      <Filter>Header Files\physics</Filter>
    </ClInclude>
    <ClInclude Include="physics\particle_fake_spring.h">
      <Filter>Header Files\physics</Filter>
    </ClInclude>
    <ClInclude Include="physics\particle_force_generator.h">
      <Filter>Header Files\physics</Filter>
    </ClInclude>
    <ClInclude Include="physics\particle_force_registry.h">
      <Filter>Header Files\physics</Filter>
    </ClInclude>
    <ClInclude Include="physics\particle_geo_gravity.h">
      <Filter>Header Files\physics</Filter>
    </ClInclude>
    <ClInclude Include="physics\particle_gravity.h">
      <Filter>Header Files\physics</Filter>
    </ClInclude>
    <ClInclude Include="physics\particle_link.h">
      <Filter>Header Files\physics</Filter>
    </ClInclude>
    <ClInclude Include="physics\particle_rod.h">
      <Filter>Header Files\physics</Filter>
    </ClInclude>
    <ClInclude Include="physics\particle_rod_constraint.h">
      <Filter>Header Files\physics</Filter>
    </ClInclude>
    <ClInclude Include="physics\particle_sphere_contact.h">
      <Filter>Header Files\physics</Filter>
    </ClInclude>
    <ClInclude Include="physics\particle_sphere_contact_evet_gen.h">
      <Filter>Header Files\physics</Filter>
    </ClInclude>
    <ClInclude Include="physics\particle_spring.h">
      <Filter>Header Files\physics</Filter>
    </ClInclude>
    <ClInclude Include="physics\particle_world.h">
      <Filter>Header Files\physics</Filter>
    </ClInclude>
    <ClInclude Include="physics\rigid_body.h">
      <Filter>Header Files\physics</Filter>
    </ClInclude>
    <ClInclude Include="physics\spring.h">
      <Filter>Header Files\physics</Filter>
    </ClInclude>
    <ClInclude Include="physics\angled_aero.h">
      <Filter>Header Files\physics</Filter>
    </ClInclude>
    <ClInclude Include="tools\math_utitity.h">
      <Filter>Header Files\tools</Filter>
    </ClInclude>
    <ClInclude Include="engine\base_engine_logic.h">
      <Filter>Header Files\engine</Filter>
    </ClInclude>
    <ClInclude Include="engine\base_engine_state.h">
      <Filter>Header Files\engine</Filter>
    </ClInclude>
    <ClInclude Include="processes\count_process.h">
      <Filter>Header Files\processes</Filter>
    </ClInclude>
    <ClInclude Include="processes\delay_process.h">
      <Filter>Header Files\processes</Filter>
    </ClInclude>
    <ClInclude Include="engine\engine_view_type.h">
      <Filter>Header Files\engine</Filter>
    </ClInclude>
    <ClInclude Include="processes\exec_process.h">
      <Filter>Header Files\processes</Filter>
    </ClInclude>
    <ClInclude Include="engine\human_view.h">
      <Filter>Header Files\engine</Filter>
    </ClInclude>
    <ClInclude Include="engine\i_engine_view.h">
      <Filter>Header Files\engine</Filter>
    </ClInclude>
    <ClInclude Include="engine\i_keyboard_handler.h">
      <Filter>Header Files\engine</Filter>
    </ClInclude>
    <ClInclude Include="engine\i_pointer_handler.h">
      <Filter>Header Files\engine</Filter>
    </ClInclude>
    <ClInclude Include="engine\i_screen_element.h">
      <Filter>Header Files\engine</Filter>
    </ClInclude>
    <ClInclude Include="engine\level_manager.h">
      <Filter>Header Files\engine</Filter>
    </ClInclude>
    <ClInclude Include="tools\mt_random.h">
      <Filter>Header Files\tools</Filter>
    </ClInclude>
    <ClInclude Include="processes\process.h">
      <Filter>Header Files\processes</Filter>
    </ClInclude>
    <ClInclude Include="processes\process_manager.h">
      <Filter>Header Files\processes</Filter>
    </ClInclude>
    <ClInclude Include="nodes\alpha_type.h">
      <Filter>Header Files\nodes</Filter>
    </ClInclude>
    <ClInclude Include="nodes\camera_node.h">
      <Filter>Header Files\nodes</Filter>
    </ClInclude>
    <ClInclude Include="tools\memory_utility.h">
      <Filter>Header Files\tools</Filter>
    </ClInclude>
    <ClInclude Include="nodes\plane.h">
      <Filter>Header Files\nodes</Filter>
    </ClInclude>
    <ClInclude Include="nodes\scene_node.h">
      <Filter>Header Files\nodes</Filter>
    </ClInclude>
    <ClInclude Include="nodes\scene_node_properties.h">
      <Filter>Header Files\nodes</Filter>
    </ClInclude>
    <ClInclude Include="nodes\alpha_scene_node.h">
      <Filter>Header Files\nodes</Filter>
    </ClInclude>
    <ClInclude Include="tools\dx12_utility.h">
      <Filter>Header Files\tools</Filter>
    </ClInclude>
    <ClInclude Include="nodes\matrix_stack.h">
      <Filter>Header Files\nodes</Filter>
    </ClInclude>
    <ClInclude Include="nodes\point.h">
      <Filter>Header Files\nodes</Filter>
    </ClInclude>
    <ClInclude Include="nodes\scene.h">
      <Filter>Header Files\nodes</Filter>
    </ClInclude>
    <ClInclude Include="graphics\directx12_wrappers\vertex_buffer.h">
      <Filter>Header Files\graphics</Filter>
    </ClInclude>
    <ClInclude Include="engine\i_render_state.h">
      <Filter>Header Files\engine</Filter>
    </ClInclude>
    <ClInclude Include="actors\base_render_component.h">
      <Filter>Header Files\actors</Filter>
    </ClInclude>
    <ClInclude Include="actors\render_component_interface.h">
      <Filter>Header Files\actors</Filter>
    </ClInclude>
    <ClInclude Include="graphics\directx12_wrappers\constant_buffer_types.h">
      <Filter>Header Files\graphics</Filter>
    </ClInclude>
    <ClInclude Include="events\evt_data_destroy_actor.h">
      <Filter>Header Files\events</Filter>
    </ClInclude>
    <ClInclude Include="events\evt_data_modified_render_component.h">
      <Filter>Header Files\events</Filter>
    </ClInclude>
    <ClInclude Include="events\evt_data_move_actor.h">
      <Filter>Header Files\events</Filter>
    </ClInclude>
    <ClInclude Include="events\evt_data_new_render_component.h">
      <Filter>Header Files\events</Filter>
    </ClInclude>
    <ClInclude Include="nodes\light_node.h">
      <Filter>Header Files\nodes</Filter>
    </ClInclude>
    <ClInclude Include="nodes\light_properties.h">
      <Filter>Header Files\graphics</Filter>
    </ClInclude>
    <ClInclude Include="nodes\light_type.h">
      <Filter>Header Files\graphics</Filter>
    </ClInclude>
    <ClInclude Include="graphics\material_shader.h">
      <Filter>Header Files\graphics</Filter>
    </ClInclude>
    <ClInclude Include="graphics\directx12_wrappers\index_buffer.h">
      <Filter>Header Files\graphics</Filter>
    </ClInclude>
    <ClInclude Include="tools\intersection.h">
      <Filter>Header Files\tools</Filter>
    </ClInclude>
    <ClInclude Include="engine\screen_element_scene.h">
      <Filter>Header Files\engine</Filter>
    </ClInclude>
    <ClInclude Include="application.h">
      <Filter>Header Files</Filter>
    </ClInclude>
    <ClInclude Include="graphics\directx12_wrappers\buffer.h">
      <Filter>Header Files\graphics</Filter>
    </ClInclude>
    <ClInclude Include="graphics\directx12_wrappers\byte_address_buffer.h">
      <Filter>Header Files\graphics</Filter>
    </ClInclude>
    <ClInclude Include="graphics\directx12_wrappers\command_list.h">
      <Filter>Header Files\graphics</Filter>
    </ClInclude>
    <ClInclude Include="graphics\directx12_wrappers\command_queue.h">
      <Filter>Header Files\graphics</Filter>
    </ClInclude>
    <ClInclude Include="graphics\directx12_wrappers\constant_buffer.h">
      <Filter>Header Files\graphics</Filter>
    </ClInclude>
    <ClInclude Include="graphics\directx12_wrappers\constant_buffer_view.h">
      <Filter>Header Files\graphics</Filter>
    </ClInclude>
    <ClInclude Include="tools\defines.h">
      <Filter>Header Files\tools</Filter>
    </ClInclude>
    <ClInclude Include="graphics\directx12_wrappers\descriptor_allocation.h">
      <Filter>Header Files\graphics</Filter>
    </ClInclude>
    <ClInclude Include="graphics\directx12_wrappers\descriptor_allocator.h">
      <Filter>Header Files\graphics</Filter>
    </ClInclude>
    <ClInclude Include="graphics\directx12_wrappers\descriptor_allocator_page.h">
      <Filter>Header Files\graphics</Filter>
    </ClInclude>
    <ClInclude Include="graphics\directx12_wrappers\device.h">
      <Filter>Header Files\graphics</Filter>
    </ClInclude>
    <ClInclude Include="graphics\directx12_wrappers\dynamic_descriptor_heap.h">
      <Filter>Header Files\graphics</Filter>
    </ClInclude>
    <ClInclude Include="graphics\effect_pso.h">
      <Filter>Header Files\graphics</Filter>
    </ClInclude>
    <ClInclude Include="actors\enemy_component.h">
      <Filter>Header Files\actors</Filter>
    </ClInclude>
    <ClInclude Include="events\evt_data_new_particle_component.h">
      <Filter>Header Files\events</Filter>
    </ClInclude>
    <ClInclude Include="graphics\gui.h">
      <Filter>Header Files\graphics</Filter>
    </ClInclude>
    <ClInclude Include="graphics\generate_mips_pso.h">
      <Filter>Header Files\graphics</Filter>
    </ClInclude>
    <ClInclude Include="application_options.h">
      <Filter>Header Files</Filter>
    </ClInclude>
    <ClInclude Include="tools\hash_utility.h">
      <Filter>Header Files\tools</Filter>
    </ClInclude>
    <ClInclude Include="graphics\material.h">
      <Filter>Header Files\graphics</Filter>
    </ClInclude>
    <ClInclude Include="graphics\mesh.h">
      <Filter>Header Files\graphics</Filter>
    </ClInclude>
    <ClInclude Include="actors\particle_component.h">
      <Filter>Header Files\actors</Filter>
    </ClInclude>
    <ClInclude Include="tools\optional.hpp">
      <Filter>Header Files\tools</Filter>
    </ClInclude>
    <ClInclude Include="actors\orientation_relation_component.h">
      <Filter>Header Files\actors</Filter>
    </ClInclude>
    <ClInclude Include="graphics\pano_to_cubemap_pso.h">
      <Filter>Header Files\graphics</Filter>
    </ClInclude>
    <ClInclude Include="graphics\directx12_wrappers\pipeline_state_object.h">
      <Filter>Header Files\graphics</Filter>
    </ClInclude>
    <ClInclude Include="graphics\directx12_wrappers\render_target.h">
      <Filter>Header Files\graphics</Filter>
    </ClInclude>
    <ClInclude Include="graphics\directx12_wrappers\resource.h">
      <Filter>Header Files\graphics</Filter>
    </ClInclude>
    <ClInclude Include="graphics\directx12_wrappers\resource_state_tracker.h">
      <Filter>Header Files\graphics</Filter>
    </ClInclude>
    <ClInclude Include="graphics\directx12_wrappers\root_signature.h">
      <Filter>Header Files\graphics</Filter>
    </ClInclude>
    <ClInclude Include="graphics\directx12_wrappers\shader_resource_view.h">
      <Filter>Header Files\graphics</Filter>
    </ClInclude>
    <ClInclude Include="tools\signals.hpp">
      <Filter>Header Files\tools</Filter>
    </ClInclude>
    <ClInclude Include="graphics\directx12_wrappers\structured_buffer.h">
      <Filter>Header Files\graphics</Filter>
    </ClInclude>
    <ClInclude Include="graphics\directx12_wrappers\swap_chain.h">
      <Filter>Header Files\graphics</Filter>
    </ClInclude>
    <ClInclude Include="graphics\directx12_wrappers\texture.h">
      <Filter>Header Files\graphics</Filter>
    </ClInclude>
    <ClInclude Include="tools\thread_utility.h">
      <Filter>Header Files\tools</Filter>
    </ClInclude>
    <ClInclude Include="tools\thread_safe_queue.h">
      <Filter>Header Files\tools</Filter>
    </ClInclude>
    <ClInclude Include="actors\transform_component.h">
      <Filter>Header Files\actors</Filter>
    </ClInclude>
    <ClInclude Include="graphics\directx12_wrappers\unordered_access_view.h">
      <Filter>Header Files\graphics</Filter>
    </ClInclude>
    <ClInclude Include="graphics\directx12_wrappers\upload_buffer.h">
      <Filter>Header Files\graphics</Filter>
    </ClInclude>
    <ClInclude Include="graphics\vertex_types.h">
      <Filter>Header Files\graphics</Filter>
    </ClInclude>
    <ClInclude Include="window_keycodes.h">
      <Filter>Header Files\graphics</Filter>
    </ClInclude>
    <ClInclude Include="window_surface.h">
      <Filter>Header Files\graphics</Filter>
    </ClInclude>
    <ClInclude Include="events\evt_data_update_tick.h">
      <Filter>Header Files</Filter>
    </ClInclude>
    <ClInclude Include="events\evt_data_dpi_scale.h">
      <Filter>Header Files</Filter>
    </ClInclude>
    <ClInclude Include="events\evt_data_window_close.h">
      <Filter>Header Files</Filter>
    </ClInclude>
    <ClInclude Include="events\evt_data_key_pressed_event.h">
      <Filter>Header Files</Filter>
    </ClInclude>
    <ClInclude Include="events\evt_data_mouse_motion.h">
      <Filter>Header Files</Filter>
    </ClInclude>
    <ClInclude Include="events\evt_data_mouse_button_pressed.h">
      <Filter>Header Files</Filter>
    </ClInclude>
    <ClInclude Include="events\evt_data_mouse_wheel.h">
      <Filter>Header Files</Filter>
    </ClInclude>
    <ClInclude Include="events\evt_data_resize_window.h">
      <Filter>Header Files</Filter>
    </ClInclude>
    <ClInclude Include="events\evt_data_minimize_window.h">
      <Filter>Header Files</Filter>
    </ClInclude>
    <ClInclude Include="events\resize_event_args.h">
      <Filter>Header Files</Filter>
    </ClInclude>
    <ClInclude Include="events\evt_data_maximize_window.h">
      <Filter>Header Files</Filter>
    </ClInclude>
    <ClInclude Include="events\evt_data_restore_window.h">
      <Filter>Header Files</Filter>
    </ClInclude>
    <ClInclude Include="events\key_event_args.h">
      <Filter>Header Files</Filter>
    </ClInclude>
    <ClInclude Include="events\evt_data_key_released_event.h">
      <Filter>Header Files</Filter>
    </ClInclude>
    <ClInclude Include="events\mouse_motion_event_args.h">
      <Filter>Header Files</Filter>
    </ClInclude>
    <ClInclude Include="events\mouse_button_event_args.h">
      <Filter>Header Files</Filter>
    </ClInclude>
    <ClInclude Include="events\evt_data_mouse_button_released.h">
      <Filter>Header Files</Filter>
    </ClInclude>
    <ClInclude Include="events\mouse_wheel_event_args.h">
      <Filter>Header Files</Filter>
    </ClInclude>
    <ClInclude Include="graphics\point_light.h">
      <Filter>Header Files</Filter>
    </ClInclude>
    <ClInclude Include="graphics\spot_light.h">
      <Filter>Header Files</Filter>
    </ClInclude>
    <ClInclude Include="graphics\directional_light.h">
      <Filter>Header Files</Filter>
    </ClInclude>
    <ClInclude Include="nodes\i_visitor.h">
      <Filter>Header Files</Filter>
    </ClInclude>
    <ClInclude Include="nodes\mesh_node.h">
      <Filter>Header Files</Filter>
    </ClInclude>
    <ClInclude Include="nodes\i_visibility.h">
      <Filter>Header Files</Filter>
    </ClInclude>
    <ClInclude Include="nodes\qualifier_node.h">
      <Filter>Header Files</Filter>
    </ClInclude>
    <ClInclude Include="graphics\directx12_wrappers\shader.h">
      <Filter>Header Files</Filter>
    </ClInclude>
    <ClInclude Include="graphics\directx12_wrappers\input_assembler_layout.h">
      <Filter>Header Files</Filter>
    </ClInclude>
    <ClInclude Include="graphics\directx12_wrappers\shader_register.h">
      <Filter>Header Files</Filter>
    </ClInclude>
    <ClInclude Include="graphics\directx12_wrappers\root_parameter.h">
      <Filter>Header Files</Filter>
    </ClInclude>
    <ClInclude Include="graphics\directx12_wrappers\descripror_table_range.h">
      <Filter>Header Files</Filter>
    </ClInclude>
    <ClInclude Include="graphics\directx12_wrappers\sampler.h">
      <Filter>Header Files</Filter>
    </ClInclude>
    <ClInclude Include="graphics\directx12_wrappers\primitive_topology.h">
      <Filter>Header Files</Filter>
    </ClInclude>
    <ClInclude Include="graphics\directx12_wrappers\blend_state.h">
      <Filter>Header Files</Filter>
    </ClInclude>
    <ClInclude Include="graphics\directx12_wrappers\rasterizer_state.h">
      <Filter>Header Files</Filter>
    </ClInclude>
    <ClInclude Include="graphics\directx12_wrappers\depth_stencil_state.h">
      <Filter>Header Files</Filter>
    </ClInclude>
    <ClInclude Include="nodes\light_manager.h">
      <Filter>Header Files</Filter>
    </ClInclude>
    <ClInclude Include="nodes\scene_visitor.h">
      <Filter>Header Files</Filter>
    </ClInclude>
    <ClInclude Include="actors\mesh_component.h">
      <Filter>Header Files</Filter>
    </ClInclude>
    <ClInclude Include="events\evt_data_request_destroy_actor.h">
      <Filter>Header Files</Filter>
    </ClInclude>
    <ClInclude Include="events\evt_data_request_new_actor.h">
      <Filter>Header Files</Filter>
    </ClInclude>
    <ClInclude Include="events\evt_data_request_start_game.h">
      <Filter>Header Files</Filter>
    </ClInclude>
    <ClInclude Include="events\evt_data_environment_loaded.h">
      <Filter>Header Files</Filter>
    </ClInclude>
    <ClInclude Include="events\evt_data_sphere_particle_contact.h">
      <Filter>Header Files</Filter>
    </ClInclude>
    <ClInclude Include="actors\actor_factory.h">
      <Filter>Header Files</Filter>
    </ClInclude>
    <ClInclude Include="events\evt_data_new_actor.h">
      <Filter>Header Files</Filter>
    </ClInclude>
    <ClInclude Include="actors\base_scene_node_component.h">
      <Filter>Header Files</Filter>
    </ClInclude>
    <ClInclude Include="actors\camera_component.h">
      <Filter>Header Files</Filter>
    </ClInclude>
    <ClInclude Include="engine\base_ui.h">
      <Filter>Header Files</Filter>
    </ClInclude>
    <ClInclude Include="engine\actor_menu_ui.h">
      <Filter>Header Files</Filter>
    </ClInclude>
    <ClInclude Include="engine\movement_controller.h">
      <Filter>Header Files</Filter>
    </ClInclude>
    <ClInclude Include="events\evt_data_paint.h">
      <Filter>Header Files</Filter>
    </ClInclude>
    <ClInclude Include="actors\light_component.h">
      <Filter>Header Files</Filter>
    </ClInclude>
    <ClInclude Include="events\evt_data_new_scene_component.h">
      <Filter>Header Files</Filter>
    </ClInclude>
    <ClInclude Include="events\evt_data_destroy_scene_component.h">
      <Filter>Header Files</Filter>
    </ClInclude>
    <ClInclude Include="nodes\mesh_node_loader.h">
      <Filter>Header Files</Filter>
    </ClInclude>
    <ClInclude Include="nodes\mesh_manager.h">
      <Filter>Header Files</Filter>
    </ClInclude>
    <ClInclude Include="graphics\effect_instanced_pso.h">
      <Filter>Header Files</Filter>
    </ClInclude>
    <ClInclude Include="events\evt_data_modified_scene_component.h">
      <Filter>Header Files</Filter>
    </ClInclude>
    <ClInclude Include="graphics\effect_shadow_pso.h">
      <Filter>Header Files</Filter>
    </ClInclude>
    <ClInclude Include="graphics\effect_shadow_instanced_pso.h">
      <Filter>Header Files</Filter>
    </ClInclude>
    <ClInclude Include="actors\shadow_camera_component.h">
      <Filter>Header Files</Filter>
    </ClInclude>
    <ClInclude Include="nodes\shadow_camera_node.h">
      <Filter>Header Files</Filter>
    </ClInclude>
    <ClInclude Include="nodes\basic_camera_node.h">
      <Filter>Header Files</Filter>
    </ClInclude>
    <ClInclude Include="nodes\shadow_scene_visitor.h">
      <Filter>Header Files</Filter>
    </ClInclude>
    <ClInclude Include="nodes\shadow_manager.h">
      <Filter>Header Files</Filter>
    </ClInclude>
  </ItemGroup>
  <ItemGroup>
    <None Include="application_options.xml">
      <Filter>Resource Files</Filter>
    </None>
    <None Include="data\textures\death_knight.png">
      <Filter>Resource Files\textures</Filter>
    </None>
    <None Include="data\textures\fireatlas.jpg">
      <Filter>Resource Files\textures</Filter>
    </None>
    <None Include="data\textures\loading3.jpg">
      <Filter>Resource Files\textures</Filter>
    </None>
    <None Include="data\textures\logo5.jpg">
      <Filter>Resource Files\textures</Filter>
    </None>
    <None Include="data\textures\pinksquare.jpg">
      <Filter>Resource Files\textures</Filter>
    </None>
    <None Include="data\textures\planet1_None_BaseColor.png">
      <Filter>Resource Files\textures</Filter>
    </None>
    <None Include="data\textures\planet1_None_Normal.png">
      <Filter>Resource Files\textures</Filter>
    </None>
    <None Include="data\textures\planet1_None_OcclusionRoughnessMetallic.png">
      <Filter>Resource Files\textures</Filter>
    </None>
    <None Include="data\textures\10.dds">
      <Filter>Resource Files\textures</Filter>
    </None>
    <None Include="data\textures\11.dds">
      <Filter>Resource Files\textures</Filter>
    </None>
    <None Include="data\textures\12.dds">
      <Filter>Resource Files\textures</Filter>
    </None>
    <None Include="data\actors\BasicTransformComponent.xml">
      <Filter>Resource Files\actors</Filter>
    </None>
    <None Include="data\actors\ContactGeneratorComponent.xml">
      <Filter>Resource Files\actors</Filter>
    </None>
    <None Include="data\actors\ForceGeneratorComponent.xml">
      <Filter>Resource Files\actors</Filter>
    </None>
    <None Include="data\actors\LightComponent.xml">
      <Filter>Resource Files\actors</Filter>
    </None>
    <None Include="data\actors\MeshParticleRenderComponent.xml">
      <Filter>Resource Files\actors</Filter>
    </None>
    <None Include="data\actors\MeshParticleRenderLightComponent.xml">
      <Filter>Resource Files\actors</Filter>
    </None>
    <None Include="data\actors\MeshRenderComponent.xml">
      <Filter>Resource Files\actors</Filter>
    </None>
    <None Include="data\actors\MeshRenderLightComponent.xml">
      <Filter>Resource Files\actors</Filter>
    </None>
    <None Include="data\actors\SkyRenderComponent.xml">
      <Filter>Resource Files\actors</Filter>
    </None>
    <None Include="data\fonts\comic_sans_ms_16.sprite">
      <Filter>Resource Files\fonts</Filter>
    </None>
    <None Include="data\fonts\mefont.spritefont">
      <Filter>Resource Files\fonts</Filter>
    </None>
    <None Include="data\objects\cube.mtl">
      <Filter>Resource Files\models</Filter>
    </None>
    <None Include="data\objects\cube.obj">
      <Filter>Resource Files\models</Filter>
    </None>
    <None Include="data\objects\loading.mtl">
      <Filter>Resource Files\models</Filter>
    </None>
    <None Include="data\objects\loading.obj">
      <Filter>Resource Files\models</Filter>
    </None>
    <None Include="data\objects\logo.mtl">
      <Filter>Resource Files\models</Filter>
    </None>
    <None Include="data\objects\logo.obj">
      <Filter>Resource Files\models</Filter>
    </None>
    <None Include="data\objects\plane.mtl">
      <Filter>Resource Files\models</Filter>
    </None>
    <None Include="data\objects\plane.obj">
      <Filter>Resource Files\models</Filter>
    </None>
    <None Include="data\objects\planet1.mtl">
      <Filter>Resource Files\models</Filter>
    </None>
    <None Include="data\objects\planet1.obj">
      <Filter>Resource Files\models</Filter>
    </None>
    <None Include="data\objects\pointer.mtl">
      <Filter>Resource Files\models</Filter>
    </None>
    <None Include="data\objects\pointer.obj">
      <Filter>Resource Files\models</Filter>
    </None>
    <None Include="data\objects\uplane.mtl">
      <Filter>Resource Files\models</Filter>
    </None>
    <None Include="data\objects\uplane.obj">
      <Filter>Resource Files\models</Filter>
    </None>
    <None Include="world.xml">
      <Filter>Resource Files</Filter>
    </None>
    <None Include="main_menu.xml" />
    <None Include="data\textures\fancy-brass-pattern1_albedo.png">
      <Filter>Resource Files</Filter>
    </None>
    <None Include="data\textures\fancy-brass-pattern1_ao.png">
      <Filter>Resource Files</Filter>
    </None>
    <None Include="data\textures\fancy-brass-pattern1_height.png">
      <Filter>Resource Files</Filter>
    </None>
    <None Include="data\textures\fancy-brass-pattern1_metallic.png">
      <Filter>Resource Files</Filter>
    </None>
    <None Include="data\textures\fancy-brass-pattern1_normal-ogl.png">
      <Filter>Resource Files</Filter>
    </None>
    <None Include="data\textures\fancy-brass-pattern1_roughness.png">
      <Filter>Resource Files</Filter>
    </None>
    <None Include="data\objects\lpAsianTowerBlock.mtl" />
    <None Include="data\objects\lpAsianTowerBlock.obj" />
    <None Include="data\textures\ASIAN_TOWER_BLOCK_standardSurface1_BaseCol.png">
      <Filter>Resource Files</Filter>
    </None>
    <None Include="data\textures\ASIAN_TOWER_BLOCK_standardSurface1_Metalli.png">
      <Filter>Resource Files</Filter>
    </None>
    <None Include="data\textures\ASIAN_TOWER_BLOCK_standardSurface1_Normal.png">
      <Filter>Resource Files</Filter>
    </None>
    <None Include="data\textures\ASIAN_TOWER_BLOCK_standardSurface1_Roughne.png">
      <Filter>Resource Files</Filter>
    </None>
    <None Include="data\objects\road_traffic_sign.mtl" />
    <None Include="data\objects\road_traffic_sign.obj" />
    <None Include="data\textures\road_bump.jpg">
      <Filter>Resource Files</Filter>
    </None>
    <None Include="data\textures\road_diffuse.jpg">
      <Filter>Resource Files</Filter>
    </None>
    <None Include="data\textures\road_normal.jpg">
      <Filter>Resource Files</Filter>
    </None>
    <None Include="data\textures\road_roughness.jpg">
      <Filter>Resource Files</Filter>
    </None>
  </ItemGroup>
  <ItemGroup>
    <FxCompile Include="data\shaders\vertex_shader_smoke.hlsl">
      <Filter>Resource Files\shaders</Filter>
    </FxCompile>
    <FxCompile Include="data\shaders\geometry_shader_smoke.hlsl">
      <Filter>Resource Files\shaders</Filter>
    </FxCompile>
    <FxCompile Include="data\shaders\logo_ps.hlsl">
      <Filter>Resource Files\shaders</Filter>
    </FxCompile>
    <FxCompile Include="data\shaders\logo_vs.hlsl">
      <Filter>Resource Files\shaders</Filter>
    </FxCompile>
    <FxCompile Include="data\shaders\pixel_shader.hlsl">
      <Filter>Resource Files\shaders</Filter>
    </FxCompile>
    <FxCompile Include="data\shaders\pixel_shader_alpha.hlsl">
      <Filter>Resource Files\shaders</Filter>
    </FxCompile>
    <FxCompile Include="data\shaders\pixel_shader_basic_clip.hlsl">
      <Filter>Resource Files\shaders</Filter>
    </FxCompile>
    <FxCompile Include="data\shaders\pixel_shader_basic_light_alpha.hlsl">
      <Filter>Resource Files\shaders</Filter>
    </FxCompile>
    <FxCompile Include="data\shaders\pixel_shader_basic_light_alpha2.hlsl">
      <Filter>Resource Files\shaders</Filter>
    </FxCompile>
    <FxCompile Include="data\shaders\pixel_shader_light.hlsl">
      <Filter>Resource Files\shaders</Filter>
    </FxCompile>
    <FxCompile Include="data\shaders\pixel_shader_light_basic.hlsl">
      <Filter>Resource Files\shaders</Filter>
    </FxCompile>
    <FxCompile Include="data\shaders\pixel_shader_light_inv_ny.hlsl">
      <Filter>Resource Files\shaders</Filter>
    </FxCompile>
    <FxCompile Include="data\shaders\pixel_shader_light_nlswsp.hlsl">
      <Filter>Resource Files\shaders</Filter>
    </FxCompile>
    <FxCompile Include="data\shaders\pixel_shader_light_nlswsp_inv_ny.hlsl">
      <Filter>Resource Files\shaders</Filter>
    </FxCompile>
    <FxCompile Include="data\shaders\pixel_shader_shadow.hlsl">
      <Filter>Resource Files\shaders</Filter>
    </FxCompile>
    <FxCompile Include="data\shaders\pixel_shader_sky.hlsl">
      <Filter>Resource Files\shaders</Filter>
    </FxCompile>
    <FxCompile Include="data\shaders\pixel_shader_smoke.hlsl">
      <Filter>Resource Files\shaders</Filter>
    </FxCompile>
    <FxCompile Include="data\shaders\vertex_shader.hlsl">
      <Filter>Resource Files\shaders</Filter>
    </FxCompile>
    <FxCompile Include="data\shaders\vertex_shader_light.hlsl">
      <Filter>Resource Files\shaders</Filter>
    </FxCompile>
    <FxCompile Include="data\shaders\vertex_shader_light_nlswsp.hlsl">
      <Filter>Resource Files\shaders</Filter>
    </FxCompile>
    <FxCompile Include="data\shaders\vertex_shader_shadow.hlsl">
      <Filter>Resource Files\shaders</Filter>
    </FxCompile>
    <FxCompile Include="data\shaders\vertex_shader_sky.hlsl">
      <Filter>Resource Files\shaders</Filter>
    </FxCompile>
    <FxCompile Include="data\shaders\Base_PS.hlsl">
      <Filter>Resource Files\shaders</Filter>
    </FxCompile>
    <FxCompile Include="data\shaders\Basic_VS.hlsl">
      <Filter>Resource Files\shaders</Filter>
    </FxCompile>
    <FxCompile Include="data\shaders\Decal_PS.hlsl">
      <Filter>Resource Files\shaders</Filter>
    </FxCompile>
    <FxCompile Include="data\shaders\GenerateMips_CS.hlsl">
      <Filter>Resource Files\shaders</Filter>
    </FxCompile>
    <FxCompile Include="data\shaders\ImGUI_PS.hlsl">
      <Filter>Resource Files\shaders</Filter>
    </FxCompile>
    <FxCompile Include="data\shaders\ImGUI_VS.hlsl">
      <Filter>Resource Files\shaders</Filter>
    </FxCompile>
    <FxCompile Include="data\shaders\Lighting_PS.hlsl">
      <Filter>Resource Files\shaders</Filter>
    </FxCompile>
    <FxCompile Include="data\shaders\PanoToCubemap_CS.hlsl">
      <Filter>Resource Files\shaders</Filter>
    </FxCompile>
    <FxCompile Include="data\shaders\PixelShader.hlsl">
      <Filter>Resource Files\shaders</Filter>
    </FxCompile>
    <FxCompile Include="data\shaders\Unlit_PS.hlsl">
      <Filter>Resource Files\shaders</Filter>
    </FxCompile>
    <FxCompile Include="data\shaders\VertexShader.hlsl">
      <Filter>Resource Files\shaders</Filter>
    </FxCompile>
    <FxCompile Include="data\shaders\BaseInstanced_PS.hlsl" />
    <FxCompile Include="data\shaders\BaseInstanced_VS.hlsl" />
    <FxCompile Include="data\shaders\BasicShadow_VS.hlsl" />
    <FxCompile Include="data\shaders\BaseInstancedShadow_VS.hlsl" />
  </ItemGroup>
</Project>